
Microsoft Visual Studio Solution File, Format Version 12.00
# Visual Studio Version 17
VisualStudioVersion = 17.8.34525.116
MinimumVisualStudioVersion = 10.0.40219.1
Project("{FAE04EC0-301F-11D3-BF4B-00C04F79EFBC}") = "FMID", "FMID\FMID.csproj", "{C30DA5D4-BF63-4389-BD1A-A1859892D091}"
EndProject
Global
	GlobalSection(SolutionConfigurationPlatforms) = preSolution
		Debug|Any CPU = Debug|Any CPU
		Release|Any CPU = Release|Any CPU
	EndGlobalSection
	GlobalSection(ProjectConfigurationPlatforms) = postSolution
		{C30DA5D4-BF63-4389-BD1A-A1859892D091}.Debug|Any CPU.ActiveCfg = Debug|Any CPU
		{C30DA5D4-BF63-4389-BD1A-A1859892D091}.Debug|Any CPU.Build.0 = Debug|Any CPU
		{C30DA5D4-BF63-4389-BD1A-A1859892D091}.Release|Any CPU.ActiveCfg = Release|Any CPU
		{C30DA5D4-BF63-4389-BD1A-A1859892D091}.Release|Any CPU.Build.0 = Release|Any CPU
	EndGlobalSection
	GlobalSection(SolutionProperties) = preSolution
		HideSolutionNode = FALSE
	EndGlobalSection
	GlobalSection(ExtensibilityGlobals) = postSolution
		SolutionGuid = {8596D22A-A622-46FE-ABC8-8AF432D1CD7E}
	EndGlobalSection
EndGlobal
